
Microsoft Visual Studio Solution File, Format Version 12.00
# Visual Studio Version 16
VisualStudioVersion = 16.0.29806.167
MinimumVisualStudioVersion = 10.0.40219.1
Project("{FAE04EC0-301F-11D3-BF4B-00C04F79EFBC}") = "Importador", "Importador\Importador.csproj", "{A22E91F7-C550-40E1-840D-47A37E4D2522}"
EndProject
Global
	GlobalSection(SolutionConfigurationPlatforms) = preSolution
		Debug|Any CPU = Debug|Any CPU
		Release|Any CPU = Release|Any CPU
	EndGlobalSection
	GlobalSection(ProjectConfigurationPlatforms) = postSolution
		{A22E91F7-C550-40E1-840D-47A37E4D2522}.Debug|Any CPU.ActiveCfg = Debug|Any CPU
		{A22E91F7-C550-40E1-840D-47A37E4D2522}.Debug|Any CPU.Build.0 = Debug|Any CPU
		{A22E91F7-C550-40E1-840D-47A37E4D2522}.Release|Any CPU.ActiveCfg = Release|Any CPU
		{A22E91F7-C550-40E1-840D-47A37E4D2522}.Release|Any CPU.Build.0 = Release|Any CPU
	EndGlobalSection
	GlobalSection(SolutionProperties) = preSolution
		HideSolutionNode = FALSE
	EndGlobalSection
	GlobalSection(ExtensibilityGlobals) = postSolution
		SolutionGuid = {0B7EF292-A593-43CE-8D10-12F05C62EA22}
	EndGlobalSection
EndGlobal
